
Microsoft Visual Studio Solution File, Format Version 12.00
# Visual Studio 15
Project("{FAE04EC0-301F-11D3-BF4B-00C04F79EFBC}") = "Assembly-CSharp", "Assembly-CSharp.csproj", "{0552B243-114C-FD18-35CB-D3909916D546}"
EndProject
Project("{FAE04EC0-301F-11D3-BF4B-00C04F79EFBC}") = "Assembly-CSharp-firstpass", "Assembly-CSharp-firstpass.csproj", "{A1F1AB0B-0F88-FDD2-0621-354B08EA2DBD}"
EndProject
Global
	GlobalSection(SolutionConfigurationPlatforms) = preSolution
		Debug|Any CPU = Debug|Any CPU
		Release|Any CPU = Release|Any CPU
	EndGlobalSection
	GlobalSection(ProjectConfigurationPlatforms) = postSolution
		{0552B243-114C-FD18-35CB-D3909916D546}.Debug|Any CPU.ActiveCfg = Debug|Any CPU
		{0552B243-114C-FD18-35CB-D3909916D546}.Debug|Any CPU.Build.0 = Debug|Any CPU
		{0552B243-114C-FD18-35CB-D3909916D546}.Release|Any CPU.ActiveCfg = Release|Any CPU
		{0552B243-114C-FD18-35CB-D3909916D546}.Release|Any CPU.Build.0 = Release|Any CPU
		{A1F1AB0B-0F88-FDD2-0621-354B08EA2DBD}.Debug|Any CPU.ActiveCfg = Debug|Any CPU
		{A1F1AB0B-0F88-FDD2-0621-354B08EA2DBD}.Debug|Any CPU.Build.0 = Debug|Any CPU
		{A1F1AB0B-0F88-FDD2-0621-354B08EA2DBD}.Release|Any CPU.ActiveCfg = Release|Any CPU
		{A1F1AB0B-0F88-FDD2-0621-354B08EA2DBD}.Release|Any CPU.Build.0 = Release|Any CPU
	EndGlobalSection
	GlobalSection(SolutionProperties) = preSolution
		HideSolutionNode = FALSE
	EndGlobalSection
EndGlobal
